
Microsoft Visual Studio Solution File, Format Version 9.00
# Visual Studio 2005
Project("{8BC9CEB8-8B4A-11D0-8D11-00A0C91BC942}") = "labbyrint", "labbyrint.vcproj", "{C63D36C3-B5BA-4ED8-A5D3-8BD68C61E1A3}"
EndProject
Global
	GlobalSection(SolutionConfigurationPlatforms) = preSolution
		Debug|Win32 = Debug|Win32
		Release|Win32 = Release|Win32
	EndGlobalSection
	GlobalSection(ProjectConfigurationPlatforms) = postSolution
		{C63D36C3-B5BA-4ED8-A5D3-8BD68C61E1A3}.Debug|Win32.ActiveCfg = Debug|Win32
		{C63D36C3-B5BA-4ED8-A5D3-8BD68C61E1A3}.Debug|Win32.Build.0 = Debug|Win32
		{C63D36C3-B5BA-4ED8-A5D3-8BD68C61E1A3}.Release|Win32.ActiveCfg = Release|Win32
		{C63D36C3-B5BA-4ED8-A5D3-8BD68C61E1A3}.Release|Win32.Build.0 = Release|Win32
	EndGlobalSection
	GlobalSection(SolutionProperties) = preSolution
		HideSolutionNode = FALSE
	EndGlobalSection
EndGlobal
